{
  "name": "chlogen",
  "version": "0.0.2",
  "lockfileVersion": 2,
  "requires": true,
  "packages": {
    "": {
      "version": "0.0.2",
      "license": "MIT",
      "bin": {
        "chlogen": "dist/chlogen.js"
      },
      "devDependencies": {
        "esbuild": "^0.9.2",
        "sade": "^1.7.4"
      }
    },
    "node_modules/esbuild": {
      "version": "0.9.2",
      "resolved": "https://registry.npmjs.org/esbuild/-/esbuild-0.9.2.tgz",
      "integrity": "sha512-xE3oOILjnmN8PSjkG3lT9NBbd1DbxNqolJ5qNyrLhDWsFef3yTp/KTQz1C/x7BYFKbtrr9foYtKA6KA1zuNAUQ==",
      "dev": true,
      "hasInstallScript": true,
      "bin": {
        "esbuild": "bin/esbuild"
      }
    },
    "node_modules/mri": {
      "version": "1.1.6",
      "resolved": "https://registry.npmjs.org/mri/-/mri-1.1.6.tgz",
      "integrity": "sha512-oi1b3MfbyGa7FJMP9GmLTttni5JoICpYBRlq+x5V16fZbLsnL9N3wFqqIm/nIG43FjUFkFh9Epzp/kzUGUnJxQ==",
      "dev": true,
      "engines": {
        "node": ">=4"
      }
    },
    "node_modules/sade": {
      "version": "1.7.4",
      "resolved": "https://registry.npmjs.org/sade/-/sade-1.7.4.tgz",
      "integrity": "sha512-y5yauMD93rX840MwUJr7C1ysLFBgMspsdTo4UVrDg3fXDvtwOyIqykhVAAm6fk/3au77773itJStObgK+LKaiA==",
      "dev": true,
      "dependencies": {
        "mri": "^1.1.0"
      },
      "engines": {
        "node": ">= 6"
      }
    }
  },
  "dependencies": {
    "esbuild": {
      "version": "0.9.2",
      "resolved": "https://registry.npmjs.org/esbuild/-/esbuild-0.9.2.tgz",
      "integrity": "sha512-xE3oOILjnmN8PSjkG3lT9NBbd1DbxNqolJ5qNyrLhDWsFef3yTp/KTQz1C/x7BYFKbtrr9foYtKA6KA1zuNAUQ==",
      "dev": true
    },
    "mri": {
      "version": "1.1.6",
      "resolved": "https://registry.npmjs.org/mri/-/mri-1.1.6.tgz",
      "integrity": "sha512-oi1b3MfbyGa7FJMP9GmLTttni5JoICpYBRlq+x5V16fZbLsnL9N3wFqqIm/nIG43FjUFkFh9Epzp/kzUGUnJxQ==",
      "dev": true
    },
    "sade": {
      "version": "1.7.4",
      "resolved": "https://registry.npmjs.org/sade/-/sade-1.7.4.tgz",
      "integrity": "sha512-y5yauMD93rX840MwUJr7C1ysLFBgMspsdTo4UVrDg3fXDvtwOyIqykhVAAm6fk/3au77773itJStObgK+LKaiA==",
      "dev": true,
      "requires": {
        "mri": "^1.1.0"
      }
    }
  }
}
